{
  "version": 4,
  "terraform_version": "1.8.0",
  "serial": 1,
  "lineage": "c1d812fe-f6a5-54cc-4dbf-319db9e3fd78",
  "outputs": {},
  "resources": [
    {
      "mode": "managed",
      "type": "github_repository",
      "name": "Example",
      "provider": "provider[\"registry.terraform.io/integrations/github\"]",
      "instances": [
        {
          "schema_version": 0,
          "attributes": {
            "allow_merge_commit": true,
            "allow_rebase_merge": true,
            "allow_squash_merge": true,
            "archive_on_destroy": null,
            "archived": false,
            "auto_init": null,
            "default_branch": "main",
            "delete_branch_on_merge": false,
            "description": "",
            "etag": "W/\"ef040e6dfa8258759eadcf446a374cda5812e0e710a2c569172ecb0e6166e15b\"",
            "full_name": "PradeepCodes38/Terraform-Repo",
            "git_clone_url": "git://github.com/PradeepCodes38/Terraform-Repo.git",
            "gitignore_template": null,
            "has_downloads": false,
            "has_issues": false,
            "has_projects": false,
            "has_wiki": false,
            "homepage_url": "",
            "html_url": "https://github.com/PradeepCodes38/Terraform-Repo",
            "http_clone_url": "https://github.com/PradeepCodes38/Terraform-Repo.git",
            "id": "Terraform-Repo",
            "is_template": false,
            "license_template": null,
            "name": "Terraform-Repo",
            "node_id": "R_kgDOLvCcQQ",
            "pages": [],
            "private": false,
            "repo_id": 787520577,
            "ssh_clone_url": "git@github.com:PradeepCodes38/Terraform-Repo.git",
            "svn_url": "https://github.com/PradeepCodes38/Terraform-Repo",
            "template": [],
            "topics": null,
            "visibility": "public",
            "vulnerability_alerts": false
          },
          "sensitive_attributes": [],
          "private": "bnVsbA=="
        }
      ]
    }
  ],
  "check_results": null
}
